{
  "version": 4,
  "terraform_version": "1.13.2",
  "serial": 583,
  "lineage": "0063ce87-38cb-38b2-d5c6-2c2f229c92aa",
  "outputs": {
    "ecr_repository_url": {
      "value": "533267273344.dkr.ecr.us-west-2.amazonaws.com/product-search-api",
      "type": "string"
    },
    "ecs_cluster_name": {
      "value": "product-search-api-cluster",
      "type": "string"
    },
    "ecs_service_name": {
      "value": "product-search-api",
      "type": "string"
    }
  },
  "resources": [
    {
      "mode": "data",
      "type": "aws_ecr_authorization_token",
      "name": "registry",
      "provider": "provider[\"registry.terraform.io/hashicorp/aws\"]",
      "instances": [
        {
          "schema_version": 0,
          "attributes": {
            "authorization_token": "QVdTOmV5SndZWGxzYjJGa0lqb2lTVWh0WkdvMmVFNXZSbGxPVFRWUVRGSmlaR1pvYVVkSFNERlJkMjluYjIxUFRWQTJjREJ4VW5Jd01FazJibWxtYkZKQk5IRkVjalJKT0hSeVQyc3JlRk5MVDJGTVVHVXhLemxtYTNZNFQwdHFPVmxGTmtZM1kxSlBiMDR5VEhaVmFVVjFTVFZIU25aRmFIVTJVbmhGYldkc1YxTlNjbGN3ZWpSaFkxZFpWMmt2WW5SVGIweDRXa2R2VUZWVlYyc3lUM1I1ZW5scE55dERhRGhKU1U4eFkzTkxWSHB6YkRNMkszVlJSRWxxUmxkT09XWXpOazg0T1dkTlJqbDFNWGhNYms5d1YyVXpjbTVZVEhremIzWTRZVFZTVHl0QlFtNXRUWG94VWxZeVJGcGFUMVZhYmtrMk5VcExSMVpyUzFwUUwwVkpWM0ZwZDNJMVNFSkROMmxPVGtkelNsRlVaUzlNTVdSWlRXRm9VR2gwTWxaSGF6aHNaa1JGYmk5QlYyZDRNV2RJZHpOQmVDdHJNMlZDUXpKTlQySlRPVFZxU1ZSdmVtNHJOSEppYzJFMlNuUm9jM2xDWmtSaFFrSjZZeXM1WmxrdlpuaHRja1pKWlhWclJsQjFjMlV4YldKb2JqTlZaak41YVhkTGRYZHFTMEl2VW5SaVRsTTVWakpLYTBSYWJqbHVPWEp0TW1aT1NWZEVVSFl6Y1c5UE4wNHhZU3MzYjBwUFprVXJWekIwUjJkU1lsTjBVSE00UldWWVowSjBTVTUxTVZGWFRsZGtUbU5HVW5Cc2RURkhNSEYwY1RWQ09YSjVaVlJDT0hWdlpXUnhLM2xPVUhVM2QwZGlielJZWmpOalFYUjNaV2xMSzFsRVdtVTJlVzlFU2k5cFRVOXhNVko2Y1VGbGNEaEhWMkpEVG5KTGFXdFZabVZoVlZZd0swUnBkR1JqVUZGRE1tYzRXVEYyVDJkcFdWVXJWMjl1THpsaVIyaDFjMlZ5WlhkbmJYQkVXbFp2UTFoWGEzcDBVbVJyVUhSVmJEWnJVbVp3ZURkbGVtcDFiVFZQTkZKRVRDdFlRelp5UkVoQmVHcGljRTVUZUUxTk4zbHVTV05qT0VoemJHWlZXRWhoVEhSek0wOTZZblZYTlRZNGJVRkdjMGRRUWxKRGFsUm1TRUV4WVdSM1MwcDNNR3Q1VmxVNWJrMXdMeXM0VlV4UFpTdERNM1paTkc5QmRGb3lSRmxvWWxBNVZHaFplQzlUV1dKRVVHMVBOMDlpY1dncldsWk5ZMEZETTJnMlFuUXdUak5HVVdsQlJUbGpNMFZHYzBwdlVFSXlTWEI0Y25KM2JtNXRTR3cwWkN0aWJTOHJNRUUxUlVoQlRYSTFUQzlWS3poalZqWXJTMUJ3U25aTll6WTVWV050WVV0dFVEbDFXRmRFVkZRNU9EZFFiRlEyVm1FMWVGZzBjWGN3WlRGUWVEZFNaamxhVGlzdlJFRnhWRTVXWjFCWWVXVlBhVVJxZDJ0clRGVkpUbXRXYmsxM1FWZFZNbFJqTUdWMWMwdGhXRVZNYzA1RWJXVlVNSEV2Yms5TloyRm5RalF6ZUdRd1RscEROekpEU0hGdVl6bDVia3hIVERkU1NtVnpjRGR5UmxaYWRFbFlTakp0TVU0eldtd3pNMWxUZGxKSVMxVjZUbWhOVG1ocWN6RjRNMWt2UVhSdFZIY3dTMHAyWVhjM1pscFhSREJKYVhGMmQyZHNkRFExTlRkcmFuUmtTRXh4V0ZkMVpHRlZPVXRtY0VNMU4wMDVTbE5LVWxZMWFHTlFaRE5VV2tVeFRUSXJkR1JCVlU1WVRWbEtlbmNyVEhkd1lXUm5hMDF0T1V0TlREQTJNVlpMT1RKclZ6bDRSMVZ2WmpGSVpXUlBVRk5QU2tWRlFtaExjMDlCTURGSldVSk9NR1ZrUlZaRVQwVklZMWRQYTNWeFdHbHlVMU0zWkUxS2NDczBjakUyYUZrMWNteDZjMkZKY0VneWJHNXdSSEo1UkUwcmVXRnhkRFI2T0RWM2JXcFFWRmc0Tms1ekwxcEdVbUZtV25oVk0zWTNlWFJhUm5kc2FIcFZkbU5SYmpSRFIyWTRjVTlNWTJ4eldIVXpaUzlYY2pKaVUyUjVNa2wxWmt4Q2FEUlNNM1EyV2tZclpTODBhbTUyU3pGblJHYzRNMDFWVVcxSk0wOHpabEZ3TVcxMllqQnBPVWxZZFZSWmNuSk9Nbmt3VkRJNFQxTk5aREl6Um1kTlJEQkRja0k0Y2poeWRGSllZMVpJYlV3aUxDSmtZWFJoYTJWNUlqb2lRVkZGUWtGSWFqWnNZelJZU1VwM0x6ZHNiakJJWXpBd1JFMWxhelpIUlhoSVEySlpORkpKY0ZSTlEwazFPRWx1VlhkQlFVRklOSGRtUVZsS1MyOWFTV2gyWTA1QlVXTkhiMGM0ZDJKUlNVSkJSRUp2UW1kcmNXaHJhVWM1ZHpCQ1FuZEZkMGhuV1VwWlNWcEpRVmRWUkVKQlJYVk5Ra1ZGUkVKdVNDdHVXWFIwZFhNcllYbGhWMk5uU1VKRlNVRTNOamhzU0ZoVGFXNUxObFYyVG5wWlJVSlFaaTk0U1VFcmMxaFlOWE12U1RSb2JqQkljWHAwYTJOMFRqY3hlazFZYldoWmRuSkdhREJaVkV4WFYwY3pSRVJCY1VZdmFGZEpWa1ZNU0ZoU2F6MGlMQ0oyWlhKemFXOXVJam9pTWlJc0luUjVjR1VpT2lKRVFWUkJYMHRGV1NJc0ltVjRjR2x5WVhScGIyNGlPakUzTmpBNU9EZzBNREo5",
            "expires_at": "2025-10-20T19:26:42Z",
            "id": "us-west-2",
            "password": "eyJwYXlsb2FkIjoiSUhtZGo2eE5vRllOTTVQTFJiZGZoaUdHSDFRd29nb21PTVA2cDBxUnIwMEk2bmlmbFJBNHFEcjRJOHRyT2sreFNLT2FMUGUxKzlma3Y4T0tqOVlFNkY3Y1JPb04yTHZVaUV1STVHSnZFaHU2UnhFbWdsV1NSclcwejRhY1dZV2kvYnRTb0x4WkdvUFVVV2syT3R5enlpNytDaDhJSU8xY3NLVHpzbDM2K3VRRElqRldOOWYzNk84OWdNRjl1MXhMbk9wV2Uzcm5YTHkzb3Y4YTVSTytBQm5tTXoxUlYyRFpaT1Vabkk2NUpLR1ZrS1pQL0VJV3Fpd3I1SEJDN2lOTkdzSlFUZS9MMWRZTWFoUGh0MlZHazhsZkRFbi9BV2d4MWdIdzNBeCtrM2VCQzJNT2JTOTVqSVRvem4rNHJic2E2SnRoc3lCZkRhQkJ6Yys5ZlkvZnhtckZJZXVrRlB1c2UxbWJobjNVZjN5aXdLdXdqS0IvUnRiTlM5VjJKa0RabjluOXJtMmZOSVdEUHYzcW9PN04xYSs3b0pPZkUrVzB0R2dSYlN0UHM4RWVYZ0J0SU51MVFXTldkTmNGUnBsdTFHMHF0cTVCOXJ5ZVRCOHVvZWRxK3lOUHU3d0dibzRYZjNjQXR3ZWlLK1lEWmU2eW9ESi9pTU9xMVJ6cUFlcDhHV2JDTnJLaWtVZmVhVVYwK0RpdGRjUFFDMmc4WTF2T2dpWVUrV29uLzliR2h1c2VyZXdnbXBEWlZvQ1hXa3p0UmRrUHRVbDZrUmZweDdlemp1bTVPNFJETCtYQzZyREhBeGpicE5TeE1NN3luSWNjOEhzbGZVWEhhTHRzM096YnVXNTY4bUFGc0dQQlJDalRmSEExYWR3S0p3MGt5VlU5bk1wLys4VUxPZStDM3ZZNG9BdFoyRFloYlA5VGhZeC9TWWJEUG1PN09icWgrWlZNY0FDM2g2QnQwTjNGUWlBRTljM0VGc0pvUEIySXB4cnJ3bm5tSGw0ZCtibS8rMEE1RUhBTXI1TC9VKzhjVjYrS1BwSnZNYzY5VWNtYUttUDl1WFdEVFQ5ODdQbFQ2VmE1eFg0cXcwZTFQeDdSZjlaTisvREFxVE5WZ1BYeWVPaURqd2trTFVJTmtWbk13QVdVMlRjMGV1c0thWEVMc05EbWVUMHEvbk9NZ2FnQjQzeGQwTlpDNzJDSHFuYzl5bkxHTDdSSmVzcDdyRlZadElYSjJtMU4zWmwzM1lTdlJIS1V6TmhNTmhqczF4M1kvQXRtVHcwS0p2YXc3ZlpXRDBJaXF2d2dsdDQ1NTdranRkSExxWFd1ZGFVOUtmcEM1N005SlNKUlY1aGNQZDNUWkUxTTIrdGRBVU5YTVlKencrTHdwYWRna01tOUtNTDA2MVZLOTJrVzl4R1VvZjFIZWRPUFNPSkVFQmhLc09BMDFJWUJOMGVkRVZET0VIY1dPa3VxWGlyU1M3ZE1KcCs0cjE2aFk1cmx6c2FJcEgybG5wRHJ5RE0reWFxdDR6ODV3bWpQVFg4Nk5zL1pGUmFmWnhVM3Y3eXRaRndsaHpVdmNRbjRDR2Y4cU9MY2xzWHUzZS9XcjJiU2R5Mkl1ZkxCaDRSM3Q2WkYrZS80am52SzFnRGc4M01VUW1JM08zZlFwMW12YjBpOUlYdVRZcnJOMnkwVDI4T1NNZDIzRmdNRDBDckI4cjhydFJYY1ZIbUwiLCJkYXRha2V5IjoiQVFFQkFIajZsYzRYSUp3LzdsbjBIYzAwRE1lazZHRXhIQ2JZNFJJcFRNQ0k1OEluVXdBQUFINHdmQVlKS29aSWh2Y05BUWNHb0c4d2JRSUJBREJvQmdrcWhraUc5dzBCQndFd0hnWUpZSVpJQVdVREJBRXVNQkVFREJuSCtuWXR0dXMrYXlhV2NnSUJFSUE3NjhsSFhTaW5LNlV2TnpZRUJQZi94SUErc1hYNXMvSTRobjBIcXp0a2N0Tjcxek1YbWhZdnJGaDBZVExXV0czRERBcUYvaFdJVkVMSFhSaz0iLCJ2ZXJzaW9uIjoiMiIsInR5cGUiOiJEQVRBX0tFWSIsImV4cGlyYXRpb24iOjE3NjA5ODg0MDJ9",
            "proxy_endpoint": "https://533267273344.dkr.ecr.us-west-2.amazonaws.com",
            "region": "us-west-2",
            "registry_id": null,
            "user_name": "AWS"
          },
          "sensitive_attributes": [
            [
              {
                "type": "get_attr",
                "value": "authorization_token"
              }
            ],
            [
              {
                "type": "get_attr",
                "value": "password"
              }
            ]
          ],
          "identity_schema_version": 0
        }
      ]
    },
    {
      "mode": "data",
      "type": "aws_iam_role",
      "name": "lab_role",
      "provider": "provider[\"registry.terraform.io/hashicorp/aws\"]",
      "instances": [
        {
          "schema_version": 0,
          "attributes": {
            "arn": "arn:aws:iam::533267273344:role/LabRole",
            "assume_role_policy": "{\"Version\":\"2012-10-17\",\"Statement\":[{\"Effect\":\"Allow\",\"Principal\":{\"AWS\":\"arn:aws:iam::533267273344:role/LabRole\",\"Service\":[\"sqs.amazonaws.com\",\"codewhisperer.amazonaws.com\",\"secretsmanager.amazonaws.com\",\"cloud9.amazonaws.com\",\"redshift.amazonaws.com\",\"elasticbeanstalk.amazonaws.com\",\"logs.amazonaws.com\",\"ecs.amazonaws.com\",\"codedeploy.amazonaws.com\",\"eks.amazonaws.com\",\"resource-groups.amazonaws.com\",\"batch.amazonaws.com\",\"autoscaling.amazonaws.com\",\"iot.amazonaws.com\",\"states.amazonaws.com\",\"lambda.amazonaws.com\",\"ecs-tasks.amazonaws.com\",\"scheduler.amazonaws.com\",\"credentials.iot.amazonaws.com\",\"ec2.amazonaws.com\",\"athena.amazonaws.com\",\"backup.amazonaws.com\",\"servicecatalog.amazonaws.com\",\"rds.amazonaws.com\",\"pipes.amazonaws.com\",\"forecast.amazonaws.com\",\"kinesis.amazonaws.com\",\"firehose.amazonaws.com\",\"rekognition.amazonaws.com\",\"events.amazonaws.com\",\"apigateway.amazonaws.com\",\"application-autoscaling.amazonaws.com\",\"elasticfilesystem.amazonaws.com\",\"elasticmapreduce.amazonaws.com\",\"ec2.application-autoscaling.amazonaws.com\",\"iotevents.amazonaws.com\",\"sagemaker.amazonaws.com\",\"elasticloadbalancing.amazonaws.com\",\"cloudformation.amazonaws.com\",\"codecommit.amazonaws.com\",\"cloudtrail.amazonaws.com\",\"s3.amazonaws.com\",\"sns.amazonaws.com\",\"iotanalytics.amazonaws.com\",\"glue.amazonaws.com\",\"cognito-idp.amazonaws.com\",\"dynamodb.amazonaws.com\",\"ssm.amazonaws.com\",\"databrew.amazonaws.com\",\"kms.amazonaws.com\",\"deepracer.amazonaws.com\",\"kinesisanalytics.amazonaws.com\",\"eks-fargate-pods.amazonaws.com\"]},\"Action\":\"sts:AssumeRole\"}]}",
            "create_date": "2025-09-07T05:39:24Z",
            "description": "",
            "id": "LabRole",
            "max_session_duration": 3600,
            "name": "LabRole",
            "path": "/",
            "permissions_boundary": "",
            "role_last_used": [
              {
                "last_used_date": "2025-10-20T06:31:00Z",
                "region": "us-west-2"
              }
            ],
            "tags": {
              "cloudlab": "c169671a4380641l11482497t1w533267273344"
            },
            "unique_id": "AROAXYKJU22ANX2NFDCY5"
          },
          "sensitive_attributes": [],
          "identity_schema_version": 0
        }
      ]
    },
    {
      "module": "module.ecr",
      "mode": "managed",
      "type": "aws_ecr_repository",
      "name": "this",
      "provider": "provider[\"registry.terraform.io/hashicorp/aws\"]",
      "instances": [
        {
          "schema_version": 0,
          "attributes": {
            "arn": "arn:aws:ecr:us-west-2:533267273344:repository/product-search-api",
            "encryption_configuration": [
              {
                "encryption_type": "AES256",
                "kms_key": ""
              }
            ],
            "force_delete": null,
            "id": "product-search-api",
            "image_scanning_configuration": [
              {
                "scan_on_push": false
              }
            ],
            "image_tag_mutability": "MUTABLE",
            "name": "product-search-api",
            "region": "us-west-2",
            "registry_id": "533267273344",
            "repository_url": "533267273344.dkr.ecr.us-west-2.amazonaws.com/product-search-api",
            "tags": null,
            "tags_all": {},
            "timeouts": null
          },
          "sensitive_attributes": [],
          "identity_schema_version": 0,
          "private": "eyJlMmJmYjczMC1lY2FhLTExZTYtOGY4OC0zNDM2M2JjN2M0YzAiOnsiZGVsZXRlIjoxMjAwMDAwMDAwMDAwfX0="
        }
      ]
    },
    {
      "module": "module.ecs",
      "mode": "managed",
      "type": "aws_ecs_cluster",
      "name": "this",
      "provider": "provider[\"registry.terraform.io/hashicorp/aws\"]",
      "instances": [
        {
          "schema_version": 0,
          "attributes": {
            "arn": "arn:aws:ecs:us-west-2:533267273344:cluster/product-search-api-cluster",
            "configuration": [],
            "id": "arn:aws:ecs:us-west-2:533267273344:cluster/product-search-api-cluster",
            "name": "product-search-api-cluster",
            "region": "us-west-2",
            "service_connect_defaults": [],
            "setting": [
              {
                "name": "containerInsights",
                "value": "disabled"
              }
            ],
            "tags": null,
            "tags_all": {}
          },
          "sensitive_attributes": [],
          "identity_schema_version": 0,
          "private": "bnVsbA=="
        }
      ]
    },
    {
      "module": "module.ecs",
      "mode": "managed",
      "type": "aws_ecs_service",
      "name": "this",
      "provider": "provider[\"registry.terraform.io/hashicorp/aws\"]",
      "instances": [
        {
          "schema_version": 1,
          "attributes": {
            "alarms": [],
            "arn": "arn:aws:ecs:us-west-2:533267273344:service/product-search-api-cluster/product-search-api",
            "availability_zone_rebalancing": "DISABLED",
            "capacity_provider_strategy": [],
            "cluster": "arn:aws:ecs:us-west-2:533267273344:cluster/product-search-api-cluster",
            "deployment_circuit_breaker": [
              {
                "enable": false,
                "rollback": false
              }
            ],
            "deployment_configuration": [],
            "deployment_controller": [
              {
                "type": "ECS"
              }
            ],
            "deployment_maximum_percent": 200,
            "deployment_minimum_healthy_percent": 100,
            "desired_count": 1,
            "enable_ecs_managed_tags": false,
            "enable_execute_command": false,
            "force_delete": null,
            "force_new_deployment": null,
            "health_check_grace_period_seconds": 0,
            "iam_role": "/aws-service-role/ecs.amazonaws.com/AWSServiceRoleForECS",
            "id": "arn:aws:ecs:us-west-2:533267273344:service/product-search-api-cluster/product-search-api",
            "launch_type": "FARGATE",
            "load_balancer": [],
            "name": "product-search-api",
            "network_configuration": [
              {
                "assign_public_ip": true,
                "security_groups": [
                  "sg-01a4967973a897743"
                ],
                "subnets": [
                  "subnet-011c176ca2dda36f6",
                  "subnet-025b838818d6d90f5",
                  "subnet-0358efb2f34513406",
                  "subnet-0a8d4963be55bdc97"
                ]
              }
            ],
            "ordered_placement_strategy": [],
            "placement_constraints": [],
            "platform_version": "LATEST",
            "propagate_tags": "NONE",
            "region": "us-west-2",
            "scheduling_strategy": "REPLICA",
            "service_connect_configuration": [],
            "service_registries": [],
            "tags": null,
            "tags_all": {},
            "task_definition": "arn:aws:ecs:us-west-2:533267273344:task-definition/product-search-api-task:31",
            "timeouts": null,
            "triggers": {},
            "volume_configuration": [],
            "vpc_lattice_configurations": [],
            "wait_for_steady_state": false
          },
          "sensitive_attributes": [],
          "identity_schema_version": 0,
          "private": "eyJlMmJmYjczMC1lY2FhLTExZTYtOGY4OC0zNDM2M2JjN2M0YzAiOnsiY3JlYXRlIjoxMjAwMDAwMDAwMDAwLCJkZWxldGUiOjEyMDAwMDAwMDAwMDAsInVwZGF0ZSI6MTIwMDAwMDAwMDAwMH0sInNjaGVtYV92ZXJzaW9uIjoiMSJ9",
          "dependencies": [
            "data.aws_iam_role.lab_role",
            "module.ecr.aws_ecr_repository.this",
            "module.ecs.aws_ecs_cluster.this",
            "module.ecs.aws_ecs_task_definition.this",
            "module.logging.aws_cloudwatch_log_group.this",
            "module.network.aws_security_group.this",
            "module.network.data.aws_subnets.default",
            "module.network.data.aws_vpc.default"
          ]
        }
      ]
    },
    {
      "module": "module.ecs",
      "mode": "managed",
      "type": "aws_ecs_task_definition",
      "name": "this",
      "provider": "provider[\"registry.terraform.io/hashicorp/aws\"]",
      "instances": [
        {
          "schema_version": 1,
          "attributes": {
            "arn": "arn:aws:ecs:us-west-2:533267273344:task-definition/product-search-api-task:31",
            "arn_without_revision": "arn:aws:ecs:us-west-2:533267273344:task-definition/product-search-api-task",
            "container_definitions": "[{\"environment\":[],\"essential\":true,\"image\":\"533267273344.dkr.ecr.us-west-2.amazonaws.com/product-search-api:latest\",\"logConfiguration\":{\"logDriver\":\"awslogs\",\"options\":{\"awslogs-group\":\"/ecs/product-search-api\",\"awslogs-region\":\"us-west-2\",\"awslogs-stream-prefix\":\"ecs\"}},\"mountPoints\":[],\"name\":\"product-search-api-container\",\"portMappings\":[{\"containerPort\":8080,\"hostPort\":8080,\"protocol\":\"tcp\"}],\"systemControls\":[],\"volumesFrom\":[]}]",
            "cpu": "256",
            "enable_fault_injection": false,
            "ephemeral_storage": [],
            "execution_role_arn": "arn:aws:iam::533267273344:role/LabRole",
            "family": "product-search-api-task",
            "id": "product-search-api-task",
            "ipc_mode": "",
            "memory": "512",
            "network_mode": "awsvpc",
            "pid_mode": "",
            "placement_constraints": [],
            "proxy_configuration": [],
            "region": "us-west-2",
            "requires_compatibilities": [
              "FARGATE"
            ],
            "revision": 31,
            "runtime_platform": [],
            "skip_destroy": false,
            "tags": null,
            "tags_all": {},
            "task_role_arn": "arn:aws:iam::533267273344:role/LabRole",
            "track_latest": false,
            "volume": []
          },
          "sensitive_attributes": [],
          "identity_schema_version": 0,
          "private": "eyJzY2hlbWFfdmVyc2lvbiI6IjEifQ==",
          "dependencies": [
            "data.aws_iam_role.lab_role",
            "module.ecr.aws_ecr_repository.this",
            "module.logging.aws_cloudwatch_log_group.this"
          ]
        }
      ]
    },
    {
      "module": "module.logging",
      "mode": "managed",
      "type": "aws_cloudwatch_log_group",
      "name": "this",
      "provider": "provider[\"registry.terraform.io/hashicorp/aws\"]",
      "instances": [
        {
          "schema_version": 0,
          "attributes": {
            "arn": "arn:aws:logs:us-west-2:533267273344:log-group:/ecs/product-search-api",
            "id": "/ecs/product-search-api",
            "kms_key_id": "",
            "log_group_class": "STANDARD",
            "name": "/ecs/product-search-api",
            "name_prefix": "",
            "region": "us-west-2",
            "retention_in_days": 7,
            "skip_destroy": false,
            "tags": null,
            "tags_all": {}
          },
          "sensitive_attributes": [],
          "identity_schema_version": 0,
          "private": "bnVsbA=="
        }
      ]
    },
    {
      "module": "module.network",
      "mode": "data",
      "type": "aws_subnets",
      "name": "default",
      "provider": "provider[\"registry.terraform.io/hashicorp/aws\"]",
      "instances": [
        {
          "schema_version": 0,
          "attributes": {
            "filter": [
              {
                "name": "vpc-id",
                "values": [
                  "vpc-0281fa6314c29ed4c"
                ]
              }
            ],
            "id": "us-west-2",
            "ids": [
              "subnet-0358efb2f34513406",
              "subnet-025b838818d6d90f5",
              "subnet-0a8d4963be55bdc97",
              "subnet-011c176ca2dda36f6"
            ],
            "region": "us-west-2",
            "tags": null,
            "timeouts": null
          },
          "sensitive_attributes": [],
          "identity_schema_version": 0
        }
      ]
    },
    {
      "module": "module.network",
      "mode": "data",
      "type": "aws_vpc",
      "name": "default",
      "provider": "provider[\"registry.terraform.io/hashicorp/aws\"]",
      "instances": [
        {
          "schema_version": 0,
          "attributes": {
            "arn": "arn:aws:ec2:us-west-2:533267273344:vpc/vpc-0281fa6314c29ed4c",
            "cidr_block": "172.31.0.0/16",
            "cidr_block_associations": [
              {
                "association_id": "vpc-cidr-assoc-028faecfb5da706e1",
                "cidr_block": "172.31.0.0/16",
                "state": "associated"
              }
            ],
            "default": true,
            "dhcp_options_id": "dopt-002b27f9abe8798c7",
            "enable_dns_hostnames": true,
            "enable_dns_support": true,
            "enable_network_address_usage_metrics": false,
            "filter": null,
            "id": "vpc-0281fa6314c29ed4c",
            "instance_tenancy": "default",
            "ipv6_association_id": "",
            "ipv6_cidr_block": "",
            "main_route_table_id": "rtb-042c34ea65130d9d4",
            "owner_id": "533267273344",
            "region": "us-west-2",
            "state": null,
            "tags": {},
            "timeouts": null
          },
          "sensitive_attributes": [],
          "identity_schema_version": 0
        }
      ]
    },
    {
      "module": "module.network",
      "mode": "managed",
      "type": "aws_security_group",
      "name": "this",
      "provider": "provider[\"registry.terraform.io/hashicorp/aws\"]",
      "instances": [
        {
          "schema_version": 1,
          "attributes": {
            "arn": "arn:aws:ec2:us-west-2:533267273344:security-group/sg-01a4967973a897743",
            "description": "Allow inbound on 8080",
            "egress": [
              {
                "cidr_blocks": [
                  "0.0.0.0/0"
                ],
                "description": "Allow all outbound",
                "from_port": 0,
                "ipv6_cidr_blocks": [],
                "prefix_list_ids": [],
                "protocol": "-1",
                "security_groups": [],
                "self": false,
                "to_port": 0
              }
            ],
            "id": "sg-01a4967973a897743",
            "ingress": [
              {
                "cidr_blocks": [
                  "0.0.0.0/0"
                ],
                "description": "Allow HTTP traffic",
                "from_port": 8080,
                "ipv6_cidr_blocks": [],
                "prefix_list_ids": [],
                "protocol": "tcp",
                "security_groups": [],
                "self": false,
                "to_port": 8080
              }
            ],
            "name": "product-search-api-sg",
            "name_prefix": "",
            "owner_id": "533267273344",
            "region": "us-west-2",
            "revoke_rules_on_delete": false,
            "tags": null,
            "tags_all": {},
            "timeouts": null,
            "vpc_id": "vpc-0281fa6314c29ed4c"
          },
          "sensitive_attributes": [],
          "identity_schema_version": 0,
          "private": "eyJlMmJmYjczMC1lY2FhLTExZTYtOGY4OC0zNDM2M2JjN2M0YzAiOnsiY3JlYXRlIjo2MDAwMDAwMDAwMDAsImRlbGV0ZSI6OTAwMDAwMDAwMDAwfSwic2NoZW1hX3ZlcnNpb24iOiIxIn0=",
          "dependencies": [
            "module.network.data.aws_vpc.default"
          ]
        }
      ]
    }
  ],
  "check_results": null
}
